{
  "name": "llama_server",
  "lockfileVersion": 3,
  "requires": true,
  "packages": {
    "": {
      "dependencies": {
        "paho": "^1.0.0"
      }
    },
    "node_modules/paho": {
      "version": "1.0.0",
      "resolved": "https://registry.npmjs.org/paho/-/paho-1.0.0.tgz",
      "integrity": "sha512-quw+tR8uc/jiF7tJQ/t6qJGke6mx2f7nfP2ZN+iyl3kdrZxPjC831hjlQJ9A+EwTLjGVsG2eFZYJUSS6y/sJrw=="
    }
  }
}
